
Microsoft Visual Studio Solution File, Format Version 12.00
# Visual Studio 15
VisualStudioVersion = 15.0.27428.2011
MinimumVisualStudioVersion = 10.0.40219.1
Project("{FAE04EC0-301F-11D3-BF4B-00C04F79EFBC}") = "Lab02", "Lab02\Lab02.csproj", "{5D9F80E5-DCBD-4211-9DD1-826AB2A0251A}"
EndProject
Project("{FAE04EC0-301F-11D3-BF4B-00C04F79EFBC}") = "Lab02Tests", "Lab02Tests\Lab02Tests.csproj", "{AFC0EB76-BB9A-4709-B2D5-6E47B5494686}"
EndProject
Global
	GlobalSection(SolutionConfigurationPlatforms) = preSolution
		Debug|Any CPU = Debug|Any CPU
		Release|Any CPU = Release|Any CPU
	EndGlobalSection
	GlobalSection(ProjectConfigurationPlatforms) = postSolution
		{5D9F80E5-DCBD-4211-9DD1-826AB2A0251A}.Debug|Any CPU.ActiveCfg = Debug|Any CPU
		{5D9F80E5-DCBD-4211-9DD1-826AB2A0251A}.Debug|Any CPU.Build.0 = Debug|Any CPU
		{5D9F80E5-DCBD-4211-9DD1-826AB2A0251A}.Release|Any CPU.ActiveCfg = Release|Any CPU
		{5D9F80E5-DCBD-4211-9DD1-826AB2A0251A}.Release|Any CPU.Build.0 = Release|Any CPU
		{AFC0EB76-BB9A-4709-B2D5-6E47B5494686}.Debug|Any CPU.ActiveCfg = Debug|Any CPU
		{AFC0EB76-BB9A-4709-B2D5-6E47B5494686}.Debug|Any CPU.Build.0 = Debug|Any CPU
		{AFC0EB76-BB9A-4709-B2D5-6E47B5494686}.Release|Any CPU.ActiveCfg = Release|Any CPU
		{AFC0EB76-BB9A-4709-B2D5-6E47B5494686}.Release|Any CPU.Build.0 = Release|Any CPU
	EndGlobalSection
	GlobalSection(SolutionProperties) = preSolution
		HideSolutionNode = FALSE
	EndGlobalSection
	GlobalSection(ExtensibilityGlobals) = postSolution
		SolutionGuid = {8EB7380E-F621-4F62-8DEF-EDBF47FABB4E}
	EndGlobalSection
EndGlobal
